
Microsoft Visual Studio Solution File, Format Version 12.00
# Visual Studio 2013
VisualStudioVersion = 12.0.21005.1
MinimumVisualStudioVersion = 10.0.40219.1
Project("{8BC9CEB8-8B4A-11D0-8D11-00A0C91BC942}") = "编写代码，演示多个字符从两端移动，向中间汇聚", "编写代码，演示多个字符从两端移动，向中间汇聚\编写代码，演示多个字符从两端移动，向中间汇聚.vcxproj", "{759BC871-7B99-4FA8-8F33-AFD4B6025DE0}"
EndProject
Global
	GlobalSection(SolutionConfigurationPlatforms) = preSolution
		Debug|Win32 = Debug|Win32
		Release|Win32 = Release|Win32
	EndGlobalSection
	GlobalSection(ProjectConfigurationPlatforms) = postSolution
		{759BC871-7B99-4FA8-8F33-AFD4B6025DE0}.Debug|Win32.ActiveCfg = Debug|Win32
		{759BC871-7B99-4FA8-8F33-AFD4B6025DE0}.Debug|Win32.Build.0 = Debug|Win32
		{759BC871-7B99-4FA8-8F33-AFD4B6025DE0}.Release|Win32.ActiveCfg = Release|Win32
		{759BC871-7B99-4FA8-8F33-AFD4B6025DE0}.Release|Win32.Build.0 = Release|Win32
	EndGlobalSection
	GlobalSection(SolutionProperties) = preSolution
		HideSolutionNode = FALSE
	EndGlobalSection
EndGlobal
